
Microsoft Visual Studio Solution File, Format Version 12.00
# Visual Studio 15
VisualStudioVersion = 15.0.28307.329
MinimumVisualStudioVersion = 10.0.40219.1
Project("{FAE04EC0-301F-11D3-BF4B-00C04F79EFBC}") = "thinojosa_inclass03", "thinojosa_inclass03\thinojosa_inclass03.csproj", "{83B1B8BC-8C9E-4B17-904E-D657CE8026FD}"
EndProject
Global
	GlobalSection(SolutionConfigurationPlatforms) = preSolution
		Debug|Any CPU = Debug|Any CPU
		Release|Any CPU = Release|Any CPU
	EndGlobalSection
	GlobalSection(ProjectConfigurationPlatforms) = postSolution
		{83B1B8BC-8C9E-4B17-904E-D657CE8026FD}.Debug|Any CPU.ActiveCfg = Debug|Any CPU
		{83B1B8BC-8C9E-4B17-904E-D657CE8026FD}.Debug|Any CPU.Build.0 = Debug|Any CPU
		{83B1B8BC-8C9E-4B17-904E-D657CE8026FD}.Release|Any CPU.ActiveCfg = Release|Any CPU
		{83B1B8BC-8C9E-4B17-904E-D657CE8026FD}.Release|Any CPU.Build.0 = Release|Any CPU
	EndGlobalSection
	GlobalSection(SolutionProperties) = preSolution
		HideSolutionNode = FALSE
	EndGlobalSection
	GlobalSection(ExtensibilityGlobals) = postSolution
		SolutionGuid = {BEC4894A-A998-44E7-A8A6-BB85A97B4A26}
	EndGlobalSection
EndGlobal
